// !$*UTF8*$!
{
	archiveVersion = 1;
	classes = {
	};
	objectVersion = 50;
	objects = {

/* Begin PBXBuildFile section */
		F771FA9C25F6403A0052AD53 /* AppDelegate.swift in Sources */ = {isa = PBXBuildFile; fileRef = F771FA9B25F6403A0052AD53 /* AppDelegate.swift */; };
		F771FA9E25F6403A0052AD53 /* SceneDelegate.swift in Sources */ = {isa = PBXBuildFile; fileRef = F771FA9D25F6403A0052AD53 /* SceneDelegate.swift */; };
		F771FAA025F6403A0052AD53 /* ViewController.swift in Sources */ = {isa = PBXBuildFile; fileRef = F771FA9F25F6403A0052AD53 /* ViewController.swift */; };
		F771FAA325F6403A0052AD53 /* Main.storyboard in Resources */ = {isa = PBXBuildFile; fileRef = F771FAA125F6403A0052AD53 /* Main.storyboard */; };
		F771FAA525F6403B0052AD53 /* Assets.xcassets in Resources */ = {isa = PBXBuildFile; fileRef = F771FAA425F6403B0052AD53 /* Assets.xcassets */; };
		F771FAA825F6403B0052AD53 /* LaunchScreen.storyboard in Resources */ = {isa = PBXBuildFile; fileRef = F771FAA625F6403B0052AD53 /* LaunchScreen.storyboard */; };
		F771FAB325F6403C0052AD53 /* DatePickerTests.swift in Sources */ = {isa = PBXBuildFile; fileRef = F771FAB225F6403C0052AD53 /* DatePickerTests.swift */; };
		F771FABE25F6403C0052AD53 /* DatePickerUITests.swift in Sources */ = {isa = PBXBuildFile; fileRef = F771FABD25F6403C0052AD53 /* DatePickerUITests.swift */; };
/* End PBXBuildFile section */

/* Begin PBXContainerItemProxy section */
		F771FAAF25F6403C0052AD53 /* PBXContainerItemProxy */ = {
			isa = PBXContainerItemProxy;
			containerPortal = F771FA9025F6403A0052AD53 /* Project object */;
			proxyType = 1;
			remoteGlobalIDString = F771FA9725F6403A0052AD53;
			remoteInfo = DatePicker;
		};
		F771FABA25F6403C0052AD53 /* PBXContainerItemProxy */ = {
			isa = PBXContainerItemProxy;
			containerPortal = F771FA9025F6403A0052AD53 /* Project object */;
			proxyType = 1;
			remoteGlobalIDString = F771FA9725F6403A0052AD53;
			remoteInfo = DatePicker;
		};
/* End PBXContainerItemProxy section */

/* Begin PBXFileReference section */
		F771FA9825F6403A0052AD53 /* DatePicker.app */ = {isa = PBXFileReference; explicitFileType = wrapper.application; includeInIndex = 0; path = DatePicker.app; sourceTree = BUILT_PRODUCTS_DIR; };
		F771FA9B25F6403A0052AD53 /* AppDelegate.swift */ = {isa = PBXFileReference; lastKnownFileType = sourcecode.swift; path = AppDelegate.swift; sourceTree = "<group>"; };
		F771FA9D25F6403A0052AD53 /* SceneDelegate.swift */ = {isa = PBXFileReference; lastKnownFileType = sourcecode.swift; path = SceneDelegate.swift; sourceTree = "<group>"; };
		F771FA9F25F6403A0052AD53 /* ViewController.swift */ = {isa = PBXFileReference; lastKnownFileType = sourcecode.swift; path = ViewController.swift; sourceTree = "<group>"; };
		F771FAA225F6403A0052AD53 /* Base */ = {isa = PBXFileReference; lastKnownFileType = file.storyboard; name = Base; path = Base.lproj/Main.storyboard; sourceTree = "<group>"; };
		F771FAA425F6403B0052AD53 /* Assets.xcassets */ = {isa = PBXFileReference; lastKnownFileType = folder.assetcatalog; path = Assets.xcassets; sourceTree = "<group>"; };
		F771FAA725F6403B0052AD53 /* Base */ = {isa = PBXFileReference; lastKnownFileType = file.storyboard; name = Base; path = Base.lproj/LaunchScreen.storyboard; sourceTree = "<group>"; };
		F771FAA925F6403B0052AD53 /* Info.plist */ = {isa = PBXFileReference; lastKnownFileType = text.plist.xml; path = Info.plist; sourceTree = "<group>"; };
		F771FAAE25F6403C0052AD53 /* DatePickerTests.xctest */ = {isa = PBXFileReference; explicitFileType = wrapper.cfbundle; includeInIndex = 0; path = DatePickerTests.xctest; sourceTree = BUILT_PRODUCTS_DIR; };
		F771FAB225F6403C0052AD53 /* DatePickerTests.swift */ = {isa = PBXFileReference; lastKnownFileType = sourcecode.swift; path = DatePickerTests.swift; sourceTree = "<group>"; };
		F771FAB425F6403C0052AD53 /* Info.plist */ = {isa = PBXFileReference; lastKnownFileType = text.plist.xml; path = Info.plist; sourceTree = "<group>"; };
		F771FAB925F6403C0052AD53 /* DatePickerUITests.xctest */ = {isa = PBXFileReference; explicitFileType = wrapper.cfbundle; includeInIndex = 0; path = DatePickerUITests.xctest; sourceTree = BUILT_PRODUCTS_DIR; };
		F771FABD25F6403C0052AD53 /* DatePickerUITests.swift */ = {isa = PBXFileReference; lastKnownFileType = sourcecode.swift; path = DatePickerUITests.swift; sourceTree = "<group>"; };
		F771FABF25F6403C0052AD53 /* Info.plist */ = {isa = PBXFileReference; lastKnownFileType = text.plist.xml; path = Info.plist; sourceTree = "<group>"; };
/* End PBXFileReference section */

/* Begin PBXFrameworksBuildPhase section */
		F771FA9525F6403A0052AD53 /* Frameworks */ = {
			isa = PBXFrameworksBuildPhase;
			buildActionMask = 2147483647;
			files = (
			);
			runOnlyForDeploymentPostprocessing = 0;
		};
		F771FAAB25F6403C0052AD53 /* Frameworks */ = {
			isa = PBXFrameworksBuildPhase;
			buildActionMask = 2147483647;
			files = (
			);
			runOnlyForDeploymentPostprocessing = 0;
		};
		F771FAB625F6403C0052AD53 /* Frameworks */ = {
			isa = PBXFrameworksBuildPhase;
			buildActionMask = 2147483647;
			files = (
			);
			runOnlyForDeploymentPostprocessing = 0;
		};
/* End PBXFrameworksBuildPhase section */

/* Begin PBXGroup section */
		F771FA8F25F6403A0052AD53 = {
			isa = PBXGroup;
			children = (
				F771FA9A25F6403A0052AD53 /* DatePicker */,
				F771FAB125F6403C0052AD53 /* DatePickerTests */,
				F771FABC25F6403C0052AD53 /* DatePickerUITests */,
				F771FA9925F6403A0052AD53 /* Products */,
			);
			sourceTree = "<group>";
		};
		F771FA9925F6403A0052AD53 /* Products */ = {
			isa = PBXGroup;
			children = (
				F771FA9825F6403A0052AD53 /* DatePicker.app */,
				F771FAAE25F6403C0052AD53 /* DatePickerTests.xctest */,
				F771FAB925F6403C0052AD53 /* DatePickerUITests.xctest */,
			);
			name = Products;
			sourceTree = "<group>";
		};
		F771FA9A25F6403A0052AD53 /* DatePicker */ = {
			isa = PBXGroup;
			children = (
				F771FA9B25F6403A0052AD53 /* AppDelegate.swift */,
				F771FA9D25F6403A0052AD53 /* SceneDelegate.swift */,
				F771FA9F25F6403A0052AD53 /* ViewController.swift */,
				F771FAA125F6403A0052AD53 /* Main.storyboard */,
				F771FAA425F6403B0052AD53 /* Assets.xcassets */,
				F771FAA625F6403B0052AD53 /* LaunchScreen.storyboard */,
				F771FAA925F6403B0052AD53 /* Info.plist */,
			);
			path = DatePicker;
			sourceTree = "<group>";
		};
		F771FAB125F6403C0052AD53 /* DatePickerTests */ = {
			isa = PBXGroup;
			children = (
				F771FAB225F6403C0052AD53 /* DatePickerTests.swift */,
				F771FAB425F6403C0052AD53 /* Info.plist */,
			);
			path = DatePickerTests;
			sourceTree = "<group>";
		};
		F771FABC25F6403C0052AD53 /* DatePickerUITests */ = {
			isa = PBXGroup;
			children = (
				F771FABD25F6403C0052AD53 /* DatePickerUITests.swift */,
				F771FABF25F6403C0052AD53 /* Info.plist */,
			);
			path = DatePickerUITests;
			sourceTree = "<group>";
		};
/* End PBXGroup section */

/* Begin PBXNativeTarget section */
		F771FA9725F6403A0052AD53 /* DatePicker */ = {
			isa = PBXNativeTarget;
			buildConfigurationList = F771FAC225F6403C0052AD53 /* Build configuration list for PBXNativeTarget "DatePicker" */;
			buildPhases = (
				F771FA9425F6403A0052AD53 /* Sources */,
				F771FA9525F6403A0052AD53 /* Frameworks */,
				F771FA9625F6403A0052AD53 /* Resources */,
			);
			buildRules = (
			);
			dependencies = (
			);
			name = DatePicker;
			productName = DatePicker;
			productReference = F771FA9825F6403A0052AD53 /* DatePicker.app */;
			productType = "com.apple.product-type.application";
		};
		F771FAAD25F6403C0052AD53 /* DatePickerTests */ = {
			isa = PBXNativeTarget;
			buildConfigurationList = F771FAC525F6403C0052AD53 /* Build configuration list for PBXNativeTarget "DatePickerTests" */;
			buildPhases = (
				F771FAAA25F6403C0052AD53 /* Sources */,
				F771FAAB25F6403C0052AD53 /* Frameworks */,
				F771FAAC25F6403C0052AD53 /* Resources */,
			);
			buildRules = (
			);
			dependencies = (
				F771FAB025F6403C0052AD53 /* PBXTargetDependency */,
			);
			name = DatePickerTests;
			productName = DatePickerTests;
			productReference = F771FAAE25F6403C0052AD53 /* DatePickerTests.xctest */;
			productType = "com.apple.product-type.bundle.unit-test";
		};
		F771FAB825F6403C0052AD53 /* DatePickerUITests */ = {
			isa = PBXNativeTarget;
			buildConfigurationList = F771FAC825F6403C0052AD53 /* Build configuration list for PBXNativeTarget "DatePickerUITests" */;
			buildPhases = (
				F771FAB525F6403C0052AD53 /* Sources */,
				F771FAB625F6403C0052AD53 /* Frameworks */,
				F771FAB725F6403C0052AD53 /* Resources */,
			);
			buildRules = (
			);
			dependencies = (
				F771FABB25F6403C0052AD53 /* PBXTargetDependency */,
			);
			name = DatePickerUITests;
			productName = DatePickerUITests;
			productReference = F771FAB925F6403C0052AD53 /* DatePickerUITests.xctest */;
			productType = "com.apple.product-type.bundle.ui-testing";
		};
/* End PBXNativeTarget section */

/* Begin PBXProject section */
		F771FA9025F6403A0052AD53 /* Project object */ = {
			isa = PBXProject;
			attributes = {
				LastSwiftUpdateCheck = 1240;
				LastUpgradeCheck = 1240;
				TargetAttributes = {
					F771FA9725F6403A0052AD53 = {
						CreatedOnToolsVersion = 12.4;
					};
					F771FAAD25F6403C0052AD53 = {
						CreatedOnToolsVersion = 12.4;
						TestTargetID = F771FA9725F6403A0052AD53;
					};
					F771FAB825F6403C0052AD53 = {
						CreatedOnToolsVersion = 12.4;
						TestTargetID = F771FA9725F6403A0052AD53;
					};
				};
			};
			buildConfigurationList = F771FA9325F6403A0052AD53 /* Build configuration list for PBXProject "DatePicker" */;
			compatibilityVersion = "Xcode 9.3";
			developmentRegion = en;
			hasScannedForEncodings = 0;
			knownRegions = (
				en,
				Base,
			);
			mainGroup = F771FA8F25F6403A0052AD53;
			productRefGroup = F771FA9925F6403A0052AD53 /* Products */;
			projectDirPath = "";
			projectRoot = "";
			targets = (
				F771FA9725F6403A0052AD53 /* DatePicker */,
				F771FAAD25F6403C0052AD53 /* DatePickerTests */,
				F771FAB825F6403C0052AD53 /* DatePickerUITests */,
			);
		};
/* End PBXProject section */

/* Begin PBXResourcesBuildPhase section */
		F771FA9625F6403A0052AD53 /* Resources */ = {
			isa = PBXResourcesBuildPhase;
			buildActionMask = 2147483647;
			files = (
				F771FAA825F6403B0052AD53 /* LaunchScreen.storyboard in Resources */,
				F771FAA525F6403B0052AD53 /* Assets.xcassets in Resources */,
				F771FAA325F6403A0052AD53 /* Main.storyboard in Resources */,
			);
			runOnlyForDeploymentPostprocessing = 0;
		};
		F771FAAC25F6403C0052AD53 /* Resources */ = {
			isa = PBXResourcesBuildPhase;
			buildActionMask = 2147483647;
			files = (
			);
			runOnlyForDeploymentPostprocessing = 0;
		};
		F771FAB725F6403C0052AD53 /* Resources */ = {
			isa = PBXResourcesBuildPhase;
			buildActionMask = 2147483647;
			files = (
			);
			runOnlyForDeploymentPostprocessing = 0;
		};
/* End PBXResourcesBuildPhase section */

/* Begin PBXSourcesBuildPhase section */
		F771FA9425F6403A0052AD53 /* Sources */ = {
			isa = PBXSourcesBuildPhase;
			buildActionMask = 2147483647;
			files = (
				F771FAA025F6403A0052AD53 /* ViewController.swift in Sources */,
				F771FA9C25F6403A0052AD53 /* AppDelegate.swift in Sources */,
				F771FA9E25F6403A0052AD53 /* SceneDelegate.swift in Sources */,
			);
			runOnlyForDeploymentPostprocessing = 0;
		};
		F771FAAA25F6403C0052AD53 /* Sources */ = {
			isa = PBXSourcesBuildPhase;
			buildActionMask = 2147483647;
			files = (
				F771FAB325F6403C0052AD53 /* DatePickerTests.swift in Sources */,
			);
			runOnlyForDeploymentPostprocessing = 0;
		};
		F771FAB525F6403C0052AD53 /* Sources */ = {
			isa = PBXSourcesBuildPhase;
			buildActionMask = 2147483647;
			files = (
				F771FABE25F6403C0052AD53 /* DatePickerUITests.swift in Sources */,
			);
			runOnlyForDeploymentPostprocessing = 0;
		};
/* End PBXSourcesBuildPhase section */

/* Begin PBXTargetDependency section */
		F771FAB025F6403C0052AD53 /* PBXTargetDependency */ = {
			isa = PBXTargetDependency;
			target = F771FA9725F6403A0052AD53 /* DatePicker */;
			targetProxy = F771FAAF25F6403C0052AD53 /* PBXContainerItemProxy */;
		};
		F771FABB25F6403C0052AD53 /* PBXTargetDependency */ = {
			isa = PBXTargetDependency;
			target = F771FA9725F6403A0052AD53 /* DatePicker */;
			targetProxy = F771FABA25F6403C0052AD53 /* PBXContainerItemProxy */;
		};
/* End PBXTargetDependency section */

/* Begin PBXVariantGroup section */
		F771FAA125F6403A0052AD53 /* Main.storyboard */ = {
			isa = PBXVariantGroup;
			children = (
				F771FAA225F6403A0052AD53 /* Base */,
			);
			name = Main.storyboard;
			sourceTree = "<group>";
		};
		F771FAA625F6403B0052AD53 /* LaunchScreen.storyboard */ = {
			isa = PBXVariantGroup;
			children = (
				F771FAA725F6403B0052AD53 /* Base */,
			);
			name = LaunchScreen.storyboard;
			sourceTree = "<group>";
		};
/* End PBXVariantGroup section */

/* Begin XCBuildConfiguration section */
		F771FAC025F6403C0052AD53 /* Debug */ = {
			isa = XCBuildConfiguration;
			buildSettings = {
				ALWAYS_SEARCH_USER_PATHS = NO;
				CLANG_ANALYZER_NONNULL = YES;
				CLANG_ANALYZER_NUMBER_OBJECT_CONVERSION = YES_AGGRESSIVE;
				CLANG_CXX_LANGUAGE_STANDARD = "gnu++14";
				CLANG_CXX_LIBRARY = "libc++";
				CLANG_ENABLE_MODULES = YES;
				CLANG_ENABLE_OBJC_ARC = YES;
				CLANG_ENABLE_OBJC_WEAK = YES;
				CLANG_WARN_BLOCK_CAPTURE_AUTORELEASING = YES;
				CLANG_WARN_BOOL_CONVERSION = YES;
				CLANG_WARN_COMMA = YES;
				CLANG_WARN_CONSTANT_CONVERSION = YES;
				CLANG_WARN_DEPRECATED_OBJC_IMPLEMENTATIONS = YES;
				CLANG_WARN_DIRECT_OBJC_ISA_USAGE = YES_ERROR;
				CLANG_WARN_DOCUMENTATION_COMMENTS = YES;
				CLANG_WARN_EMPTY_BODY = YES;
				CLANG_WARN_ENUM_CONVERSION = YES;
				CLANG_WARN_INFINITE_RECURSION = YES;
				CLANG_WARN_INT_CONVERSION = YES;
				CLANG_WARN_NON_LITERAL_NULL_CONVERSION = YES;
				CLANG_WARN_OBJC_IMPLICIT_RETAIN_SELF = YES;
				CLANG_WARN_OBJC_LITERAL_CONVERSION = YES;
				CLANG_WARN_OBJC_ROOT_CLASS = YES_ERROR;
				CLANG_WARN_QUOTED_INCLUDE_IN_FRAMEWORK_HEADER = YES;
				CLANG_WARN_RANGE_LOOP_ANALYSIS = YES;
				CLANG_WARN_STRICT_PROTOTYPES = YES;
				CLANG_WARN_SUSPICIOUS_MOVE = YES;
				CLANG_WARN_UNGUARDED_AVAILABILITY = YES_AGGRESSIVE;
				CLANG_WARN_UNREACHABLE_CODE = YES;
				CLANG_WARN__DUPLICATE_METHOD_MATCH = YES;
				COPY_PHASE_STRIP = NO;
				DEBUG_INFORMATION_FORMAT = dwarf;
				ENABLE_STRICT_OBJC_MSGSEND = YES;
				ENABLE_TESTABILITY = YES;
				GCC_C_LANGUAGE_STANDARD = gnu11;
				GCC_DYNAMIC_NO_PIC = NO;
				GCC_NO_COMMON_BLOCKS = YES;
				GCC_OPTIMIZATION_LEVEL = 0;
				GCC_PREPROCESSOR_DEFINITIONS = (
					"DEBUG=1",
					"$(inherited)",
				);
				GCC_WARN_64_TO_32_BIT_CONVERSION = YES;
				GCC_WARN_ABOUT_RETURN_TYPE = YES_ERROR;
				GCC_WARN_UNDECLARED_SELECTOR = YES;
				GCC_WARN_UNINITIALIZED_AUTOS = YES_AGGRESSIVE;
				GCC_WARN_UNUSED_FUNCTION = YES;
				GCC_WARN_UNUSED_VARIABLE = YES;
				IPHONEOS_DEPLOYMENT_TARGET = 14.4;
				MTL_ENABLE_DEBUG_INFO = INCLUDE_SOURCE;
				MTL_FAST_MATH = YES;
				ONLY_ACTIVE_ARCH = YES;
				SDKROOT = iphoneos;
				SWIFT_ACTIVE_COMPILATION_CONDITIONS = DEBUG;
				SWIFT_OPTIMIZATION_LEVEL = "-Onone";
			};
			name = Debug;
		};
		F771FAC125F6403C0052AD53 /* Release */ = {
			isa = XCBuildConfiguration;
			buildSettings = {
				ALWAYS_SEARCH_USER_PATHS = NO;
				CLANG_ANALYZER_NONNULL = YES;
				CLANG_ANALYZER_NUMBER_OBJECT_CONVERSION = YES_AGGRESSIVE;
				CLANG_CXX_LANGUAGE_STANDARD = "gnu++14";
				CLANG_CXX_LIBRARY = "libc++";
				CLANG_ENABLE_MODULES = YES;
				CLANG_ENABLE_OBJC_ARC = YES;
				CLANG_ENABLE_OBJC_WEAK = YES;
				CLANG_WARN_BLOCK_CAPTURE_AUTORELEASING = YES;
				CLANG_WARN_BOOL_CONVERSION = YES;
				CLANG_WARN_COMMA = YES;
				CLANG_WARN_CONSTANT_CONVERSION = YES;
				CLANG_WARN_DEPRECATED_OBJC_IMPLEMENTATIONS = YES;
				CLANG_WARN_DIRECT_OBJC_ISA_USAGE = YES_ERROR;
				CLANG_WARN_DOCUMENTATION_COMMENTS = YES;
				CLANG_WARN_EMPTY_BODY = YES;
				CLANG_WARN_ENUM_CONVERSION = YES;
				CLANG_WARN_INFINITE_RECURSION = YES;
				CLANG_WARN_INT_CONVERSION = YES;
				CLANG_WARN_NON_LITERAL_NULL_CONVERSION = YES;
				CLANG_WARN_OBJC_IMPLICIT_RETAIN_SELF = YES;
				CLANG_WARN_OBJC_LITERAL_CONVERSION = YES;
				CLANG_WARN_OBJC_ROOT_CLASS = YES_ERROR;
				CLANG_WARN_QUOTED_INCLUDE_IN_FRAMEWORK_HEADER = YES;
				CLANG_WARN_RANGE_LOOP_ANALYSIS = YES;
				CLANG_WARN_STRICT_PROTOTYPES = YES;
				CLANG_WARN_SUSPICIOUS_MOVE = YES;
				CLANG_WARN_UNGUARDED_AVAILABILITY = YES_AGGRESSIVE;
				CLANG_WARN_UNREACHABLE_CODE = YES;
				CLANG_WARN__DUPLICATE_METHOD_MATCH = YES;
				COPY_PHASE_STRIP = NO;
				DEBUG_INFORMATION_FORMAT = "dwarf-with-dsym";
				ENABLE_NS_ASSERTIONS = NO;
				ENABLE_STRICT_OBJC_MSGSEND = YES;
				GCC_C_LANGUAGE_STANDARD = gnu11;
				GCC_NO_COMMON_BLOCKS = YES;
				GCC_WARN_64_TO_32_BIT_CONVERSION = YES;
				GCC_WARN_ABOUT_RETURN_TYPE = YES_ERROR;
				GCC_WARN_UNDECLARED_SELECTOR = YES;
				GCC_WARN_UNINITIALIZED_AUTOS = YES_AGGRESSIVE;
				GCC_WARN_UNUSED_FUNCTION = YES;
				GCC_WARN_UNUSED_VARIABLE = YES;
				IPHONEOS_DEPLOYMENT_TARGET = 14.4;
				MTL_ENABLE_DEBUG_INFO = NO;
				MTL_FAST_MATH = YES;
				SDKROOT = iphoneos;
				SWIFT_COMPILATION_MODE = wholemodule;
				SWIFT_OPTIMIZATION_LEVEL = "-O";
				VALIDATE_PRODUCT = YES;
			};
			name = Release;
		};
		F771FAC325F6403C0052AD53 /* Debug */ = {
			isa = XCBuildConfiguration;
			buildSettings = {
				ASSETCATALOG_COMPILER_APPICON_NAME = AppIcon;
				ASSETCATALOG_COMPILER_GLOBAL_ACCENT_COLOR_NAME = AccentColor;
				CODE_SIGN_STYLE = Automatic;
				INFOPLIST_FILE = DatePicker/Info.plist;
				LD_RUNPATH_SEARCH_PATHS = (
					"$(inherited)",
					"@executable_path/Frameworks",
				);
				PRODUCT_BUNDLE_IDENTIFIER = HelloWorld.DatePicker;
				PRODUCT_NAME = "$(TARGET_NAME)";
				SWIFT_VERSION = 5.0;
				TARGETED_DEVICE_FAMILY = "1,2";
			};
			name = Debug;
		};
		F771FAC425F6403C0052AD53 /* Release */ = {
			isa = XCBuildConfiguration;
			buildSettings = {
				ASSETCATALOG_COMPILER_APPICON_NAME = AppIcon;
				ASSETCATALOG_COMPILER_GLOBAL_ACCENT_COLOR_NAME = AccentColor;
				CODE_SIGN_STYLE = Automatic;
				INFOPLIST_FILE = DatePicker/Info.plist;
				LD_RUNPATH_SEARCH_PATHS = (
					"$(inherited)",
					"@executable_path/Frameworks",
				);
				PRODUCT_BUNDLE_IDENTIFIER = HelloWorld.DatePicker;
				PRODUCT_NAME = "$(TARGET_NAME)";
				SWIFT_VERSION = 5.0;
				TARGETED_DEVICE_FAMILY = "1,2";
			};
			name = Release;
		};
		F771FAC625F6403C0052AD53 /* Debug */ = {
			isa = XCBuildConfiguration;
			buildSettings = {
				ALWAYS_EMBED_SWIFT_STANDARD_LIBRARIES = YES;
				BUNDLE_LOADER = "$(TEST_HOST)";
				CODE_SIGN_STYLE = Automatic;
				INFOPLIST_FILE = DatePickerTests/Info.plist;
				IPHONEOS_DEPLOYMENT_TARGET = 14.4;
				LD_RUNPATH_SEARCH_PATHS = (
					"$(inherited)",
					"@executable_path/Frameworks",
					"@loader_path/Frameworks",
				);
				PRODUCT_BUNDLE_IDENTIFIER = HelloWorld.DatePickerTests;
				PRODUCT_NAME = "$(TARGET_NAME)";
				SWIFT_VERSION = 5.0;
				TARGETED_DEVICE_FAMILY = "1,2";
				TEST_HOST = "$(BUILT_PRODUCTS_DIR)/DatePicker.app/DatePicker";
			};
			name = Debug;
		};
		F771FAC725F6403C0052AD53 /* Release */ = {
			isa = XCBuildConfiguration;
			buildSettings = {
				ALWAYS_EMBED_SWIFT_STANDARD_LIBRARIES = YES;
				BUNDLE_LOADER = "$(TEST_HOST)";
				CODE_SIGN_STYLE = Automatic;
				INFOPLIST_FILE = DatePickerTests/Info.plist;
				IPHONEOS_DEPLOYMENT_TARGET = 14.4;
				LD_RUNPATH_SEARCH_PATHS = (
					"$(inherited)",
					"@executable_path/Frameworks",
					"@loader_path/Frameworks",
				);
				PRODUCT_BUNDLE_IDENTIFIER = HelloWorld.DatePickerTests;
				PRODUCT_NAME = "$(TARGET_NAME)";
				SWIFT_VERSION = 5.0;
				TARGETED_DEVICE_FAMILY = "1,2";
				TEST_HOST = "$(BUILT_PRODUCTS_DIR)/DatePicker.app/DatePicker";
			};
			name = Release;
		};
		F771FAC925F6403C0052AD53 /* Debug */ = {
			isa = XCBuildConfiguration;
			buildSettings = {
				ALWAYS_EMBED_SWIFT_STANDARD_LIBRARIES = YES;
				CODE_SIGN_STYLE = Automatic;
				INFOPLIST_FILE = DatePickerUITests/Info.plist;
				LD_RUNPATH_SEARCH_PATHS = (
					"$(inherited)",
					"@executable_path/Frameworks",
					"@loader_path/Frameworks",
				);
				PRODUCT_BUNDLE_IDENTIFIER = HelloWorld.DatePickerUITests;
				PRODUCT_NAME = "$(TARGET_NAME)";
				SWIFT_VERSION = 5.0;
				TARGETED_DEVICE_FAMILY = "1,2";
				TEST_TARGET_NAME = DatePicker;
			};
			name = Debug;
		};
		F771FACA25F6403C0052AD53 /* Release */ = {
			isa = XCBuildConfiguration;
			buildSettings = {
				ALWAYS_EMBED_SWIFT_STANDARD_LIBRARIES = YES;
				CODE_SIGN_STYLE = Automatic;
				INFOPLIST_FILE = DatePickerUITests/Info.plist;
				LD_RUNPATH_SEARCH_PATHS = (
					"$(inherited)",
					"@executable_path/Frameworks",
					"@loader_path/Frameworks",
				);
				PRODUCT_BUNDLE_IDENTIFIER = HelloWorld.DatePickerUITests;
				PRODUCT_NAME = "$(TARGET_NAME)";
				SWIFT_VERSION = 5.0;
				TARGETED_DEVICE_FAMILY = "1,2";
				TEST_TARGET_NAME = DatePicker;
			};
			name = Release;
		};
/* End XCBuildConfiguration section */

/* Begin XCConfigurationList section */
		F771FA9325F6403A0052AD53 /* Build configuration list for PBXProject "DatePicker" */ = {
			isa = XCConfigurationList;
			buildConfigurations = (
				F771FAC025F6403C0052AD53 /* Debug */,
				F771FAC125F6403C0052AD53 /* Release */,
			);
			defaultConfigurationIsVisible = 0;
			defaultConfigurationName = Release;
		};
		F771FAC225F6403C0052AD53 /* Build configuration list for PBXNativeTarget "DatePicker" */ = {
			isa = XCConfigurationList;
			buildConfigurations = (
				F771FAC325F6403C0052AD53 /* Debug */,
				F771FAC425F6403C0052AD53 /* Release */,
			);
			defaultConfigurationIsVisible = 0;
			defaultConfigurationName = Release;
		};
		F771FAC525F6403C0052AD53 /* Build configuration list for PBXNativeTarget "DatePickerTests" */ = {
			isa = XCConfigurationList;
			buildConfigurations = (
				F771FAC625F6403C0052AD53 /* Debug */,
				F771FAC725F6403C0052AD53 /* Release */,
			);
			defaultConfigurationIsVisible = 0;
			defaultConfigurationName = Release;
		};
		F771FAC825F6403C0052AD53 /* Build configuration list for PBXNativeTarget "DatePickerUITests" */ = {
			isa = XCConfigurationList;
			buildConfigurations = (
				F771FAC925F6403C0052AD53 /* Debug */,
				F771FACA25F6403C0052AD53 /* Release */,
			);
			defaultConfigurationIsVisible = 0;
			defaultConfigurationName = Release;
		};
/* End XCConfigurationList section */
	};
	rootObject = F771FA9025F6403A0052AD53 /* Project object */;
}
